
Microsoft Visual Studio Solution File, Format Version 12.00
# Visual Studio Version 16
VisualStudioVersion = 16.0.30717.126
MinimumVisualStudioVersion = 10.0.40219.1
Project("{FAE04EC0-301F-11D3-BF4B-00C04F79EFBC}") = "stock management", "stock management\stock management.csproj", "{D99EFE71-3241-48B7-99CF-EA2EDD9D05C0}"
EndProject
Global
	GlobalSection(SolutionConfigurationPlatforms) = preSolution
		Debug|Any CPU = Debug|Any CPU
		Release|Any CPU = Release|Any CPU
	EndGlobalSection
	GlobalSection(ProjectConfigurationPlatforms) = postSolution
		{D99EFE71-3241-48B7-99CF-EA2EDD9D05C0}.Debug|Any CPU.ActiveCfg = Debug|Any CPU
		{D99EFE71-3241-48B7-99CF-EA2EDD9D05C0}.Debug|Any CPU.Build.0 = Debug|Any CPU
		{D99EFE71-3241-48B7-99CF-EA2EDD9D05C0}.Release|Any CPU.ActiveCfg = Release|Any CPU
		{D99EFE71-3241-48B7-99CF-EA2EDD9D05C0}.Release|Any CPU.Build.0 = Release|Any CPU
	EndGlobalSection
	GlobalSection(SolutionProperties) = preSolution
		HideSolutionNode = FALSE
	EndGlobalSection
	GlobalSection(ExtensibilityGlobals) = postSolution
		SolutionGuid = {C51E280D-B672-4A8E-A243-4762FF2EEB16}
	EndGlobalSection
EndGlobal
